
Microsoft Visual Studio Solution File, Format Version 12.00
# Visual Studio Version 16
VisualStudioVersion = 16.0.31205.134
MinimumVisualStudioVersion = 10.0.40219.1
Project("{FAE04EC0-301F-11D3-BF4B-00C04F79EFBC}") = "ExampleInBook", "ExampleInBook\ExampleInBook.csproj", "{00D34A2D-1407-4E42-AF73-78F6BF3B6EF4}"
EndProject
Global
	GlobalSection(SolutionConfigurationPlatforms) = preSolution
		Debug|Any CPU = Debug|Any CPU
		Release|Any CPU = Release|Any CPU
	EndGlobalSection
	GlobalSection(ProjectConfigurationPlatforms) = postSolution
		{00D34A2D-1407-4E42-AF73-78F6BF3B6EF4}.Debug|Any CPU.ActiveCfg = Debug|Any CPU
		{00D34A2D-1407-4E42-AF73-78F6BF3B6EF4}.Debug|Any CPU.Build.0 = Debug|Any CPU
		{00D34A2D-1407-4E42-AF73-78F6BF3B6EF4}.Release|Any CPU.ActiveCfg = Release|Any CPU
		{00D34A2D-1407-4E42-AF73-78F6BF3B6EF4}.Release|Any CPU.Build.0 = Release|Any CPU
	EndGlobalSection
	GlobalSection(SolutionProperties) = preSolution
		HideSolutionNode = FALSE
	EndGlobalSection
	GlobalSection(ExtensibilityGlobals) = postSolution
		SolutionGuid = {0E9835CB-81FE-481D-AFA9-70BAF0222AC0}
	EndGlobalSection
EndGlobal
